// !$*UTF8*$!
{
	archiveVersion = 1;
	classes = {
	};
	objectVersion = 46;
	objects = {

/* Begin PBXBuildFile section */
		981344601BBDFDCE00CCF2BA /* AppDelegate.swift in Sources */ = {isa = PBXBuildFile; fileRef = 9813445F1BBDFDCE00CCF2BA /* AppDelegate.swift */; };
		981344651BBDFDCE00CCF2BA /* Main.storyboard in Resources */ = {isa = PBXBuildFile; fileRef = 981344631BBDFDCE00CCF2BA /* Main.storyboard */; };
		981344671BBDFDCE00CCF2BA /* Images.xcassets in Resources */ = {isa = PBXBuildFile; fileRef = 981344661BBDFDCE00CCF2BA /* Images.xcassets */; };
		9813446A1BBDFDCE00CCF2BA /* LaunchScreen.xib in Resources */ = {isa = PBXBuildFile; fileRef = 981344681BBDFDCE00CCF2BA /* LaunchScreen.xib */; };
		981344761BBDFDCE00CCF2BA /* GritThingsDoneTests.swift in Sources */ = {isa = PBXBuildFile; fileRef = 981344751BBDFDCE00CCF2BA /* GritThingsDoneTests.swift */; };
		981344801BBDFF0000CCF2BA /* TaskTableViewController.swift in Sources */ = {isa = PBXBuildFile; fileRef = 9813447F1BBDFF0000CCF2BA /* TaskTableViewController.swift */; };
		981344821BBE054500CCF2BA /* NewTaskViewController.swift in Sources */ = {isa = PBXBuildFile; fileRef = 981344811BBE054500CCF2BA /* NewTaskViewController.swift */; };
/* End PBXBuildFile section */

/* Begin PBXContainerItemProxy section */
		981344701BBDFDCE00CCF2BA /* PBXContainerItemProxy */ = {
			isa = PBXContainerItemProxy;
			containerPortal = 981344521BBDFDCE00CCF2BA /* Project object */;
			proxyType = 1;
			remoteGlobalIDString = 981344591BBDFDCE00CCF2BA;
			remoteInfo = GritThingsDone;
		};
/* End PBXContainerItemProxy section */

/* Begin PBXFileReference section */
		9813445A1BBDFDCE00CCF2BA /* GritThingsDone.app */ = {isa = PBXFileReference; explicitFileType = wrapper.application; includeInIndex = 0; path = GritThingsDone.app; sourceTree = BUILT_PRODUCTS_DIR; };
		9813445E1BBDFDCE00CCF2BA /* Info.plist */ = {isa = PBXFileReference; lastKnownFileType = text.plist.xml; path = Info.plist; sourceTree = "<group>"; };
		9813445F1BBDFDCE00CCF2BA /* AppDelegate.swift */ = {isa = PBXFileReference; lastKnownFileType = sourcecode.swift; path = AppDelegate.swift; sourceTree = "<group>"; };
		981344641BBDFDCE00CCF2BA /* Base */ = {isa = PBXFileReference; lastKnownFileType = file.storyboard; name = Base; path = Base.lproj/Main.storyboard; sourceTree = "<group>"; };
		981344661BBDFDCE00CCF2BA /* Images.xcassets */ = {isa = PBXFileReference; lastKnownFileType = folder.assetcatalog; path = Images.xcassets; sourceTree = "<group>"; };
		981344691BBDFDCE00CCF2BA /* Base */ = {isa = PBXFileReference; lastKnownFileType = file.xib; name = Base; path = Base.lproj/LaunchScreen.xib; sourceTree = "<group>"; };
		9813446F1BBDFDCE00CCF2BA /* GritThingsDoneTests.xctest */ = {isa = PBXFileReference; explicitFileType = wrapper.cfbundle; includeInIndex = 0; path = GritThingsDoneTests.xctest; sourceTree = BUILT_PRODUCTS_DIR; };
		981344741BBDFDCE00CCF2BA /* Info.plist */ = {isa = PBXFileReference; lastKnownFileType = text.plist.xml; path = Info.plist; sourceTree = "<group>"; };
		981344751BBDFDCE00CCF2BA /* GritThingsDoneTests.swift */ = {isa = PBXFileReference; lastKnownFileType = sourcecode.swift; path = GritThingsDoneTests.swift; sourceTree = "<group>"; };
		9813447F1BBDFF0000CCF2BA /* TaskTableViewController.swift */ = {isa = PBXFileReference; fileEncoding = 4; lastKnownFileType = sourcecode.swift; path = TaskTableViewController.swift; sourceTree = "<group>"; };
		981344811BBE054500CCF2BA /* NewTaskViewController.swift */ = {isa = PBXFileReference; fileEncoding = 4; lastKnownFileType = sourcecode.swift; path = NewTaskViewController.swift; sourceTree = "<group>"; };
/* End PBXFileReference section */

/* Begin PBXFrameworksBuildPhase section */
		981344571BBDFDCE00CCF2BA /* Frameworks */ = {
			isa = PBXFrameworksBuildPhase;
			buildActionMask = 2147483647;
			files = (
			);
			runOnlyForDeploymentPostprocessing = 0;
		};
		9813446C1BBDFDCE00CCF2BA /* Frameworks */ = {
			isa = PBXFrameworksBuildPhase;
			buildActionMask = 2147483647;
			files = (
			);
			runOnlyForDeploymentPostprocessing = 0;
		};
/* End PBXFrameworksBuildPhase section */

/* Begin PBXGroup section */
		981344511BBDFDCE00CCF2BA = {
			isa = PBXGroup;
			children = (
				9813445C1BBDFDCE00CCF2BA /* GritThingsDone */,
				981344721BBDFDCE00CCF2BA /* GritThingsDoneTests */,
				9813445B1BBDFDCE00CCF2BA /* Products */,
			);
			sourceTree = "<group>";
		};
		9813445B1BBDFDCE00CCF2BA /* Products */ = {
			isa = PBXGroup;
			children = (
				9813445A1BBDFDCE00CCF2BA /* GritThingsDone.app */,
				9813446F1BBDFDCE00CCF2BA /* GritThingsDoneTests.xctest */,
			);
			name = Products;
			sourceTree = "<group>";
		};
		9813445C1BBDFDCE00CCF2BA /* GritThingsDone */ = {
			isa = PBXGroup;
			children = (
				9813445F1BBDFDCE00CCF2BA /* AppDelegate.swift */,
				981344631BBDFDCE00CCF2BA /* Main.storyboard */,
				981344661BBDFDCE00CCF2BA /* Images.xcassets */,
				981344681BBDFDCE00CCF2BA /* LaunchScreen.xib */,
				9813445D1BBDFDCE00CCF2BA /* Supporting Files */,
				9813447F1BBDFF0000CCF2BA /* TaskTableViewController.swift */,
				981344811BBE054500CCF2BA /* NewTaskViewController.swift */,
			);
			path = GritThingsDone;
			sourceTree = "<group>";
		};
		9813445D1BBDFDCE00CCF2BA /* Supporting Files */ = {
			isa = PBXGroup;
			children = (
				9813445E1BBDFDCE00CCF2BA /* Info.plist */,
			);
			name = "Supporting Files";
			sourceTree = "<group>";
		};
		981344721BBDFDCE00CCF2BA /* GritThingsDoneTests */ = {
			isa = PBXGroup;
			children = (
				981344751BBDFDCE00CCF2BA /* GritThingsDoneTests.swift */,
				981344731BBDFDCE00CCF2BA /* Supporting Files */,
			);
			path = GritThingsDoneTests;
			sourceTree = "<group>";
		};
		981344731BBDFDCE00CCF2BA /* Supporting Files */ = {
			isa = PBXGroup;
			children = (
				981344741BBDFDCE00CCF2BA /* Info.plist */,
			);
			name = "Supporting Files";
			sourceTree = "<group>";
		};
/* End PBXGroup section */

/* Begin PBXNativeTarget section */
		981344591BBDFDCE00CCF2BA /* GritThingsDone */ = {
			isa = PBXNativeTarget;
			buildConfigurationList = 981344791BBDFDCE00CCF2BA /* Build configuration list for PBXNativeTarget "GritThingsDone" */;
			buildPhases = (
				981344561BBDFDCE00CCF2BA /* Sources */,
				981344571BBDFDCE00CCF2BA /* Frameworks */,
				981344581BBDFDCE00CCF2BA /* Resources */,
			);
			buildRules = (
			);
			dependencies = (
			);
			name = GritThingsDone;
			productName = GritThingsDone;
			productReference = 9813445A1BBDFDCE00CCF2BA /* GritThingsDone.app */;
			productType = "com.apple.product-type.application";
		};
		9813446E1BBDFDCE00CCF2BA /* GritThingsDoneTests */ = {
			isa = PBXNativeTarget;
			buildConfigurationList = 9813447C1BBDFDCE00CCF2BA /* Build configuration list for PBXNativeTarget "GritThingsDoneTests" */;
			buildPhases = (
				9813446B1BBDFDCE00CCF2BA /* Sources */,
				9813446C1BBDFDCE00CCF2BA /* Frameworks */,
				9813446D1BBDFDCE00CCF2BA /* Resources */,
			);
			buildRules = (
			);
			dependencies = (
				981344711BBDFDCE00CCF2BA /* PBXTargetDependency */,
			);
			name = GritThingsDoneTests;
			productName = GritThingsDoneTests;
			productReference = 9813446F1BBDFDCE00CCF2BA /* GritThingsDoneTests.xctest */;
			productType = "com.apple.product-type.bundle.unit-test";
		};
/* End PBXNativeTarget section */

/* Begin PBXProject section */
		981344521BBDFDCE00CCF2BA /* Project object */ = {
			isa = PBXProject;
			attributes = {
				LastUpgradeCheck = 0630;
				ORGANIZATIONNAME = nisargapatel;
				TargetAttributes = {
					981344591BBDFDCE00CCF2BA = {
						CreatedOnToolsVersion = 6.3.2;
					};
					9813446E1BBDFDCE00CCF2BA = {
						CreatedOnToolsVersion = 6.3.2;
						TestTargetID = 981344591BBDFDCE00CCF2BA;
					};
				};
			};
			buildConfigurationList = 981344551BBDFDCE00CCF2BA /* Build configuration list for PBXProject "GritThingsDone" */;
			compatibilityVersion = "Xcode 3.2";
			developmentRegion = English;
			hasScannedForEncodings = 0;
			knownRegions = (
				en,
				Base,
			);
			mainGroup = 981344511BBDFDCE00CCF2BA;
			productRefGroup = 9813445B1BBDFDCE00CCF2BA /* Products */;
			projectDirPath = "";
			projectRoot = "";
			targets = (
				981344591BBDFDCE00CCF2BA /* GritThingsDone */,
				9813446E1BBDFDCE00CCF2BA /* GritThingsDoneTests */,
			);
		};
/* End PBXProject section */

/* Begin PBXResourcesBuildPhase section */
		981344581BBDFDCE00CCF2BA /* Resources */ = {
			isa = PBXResourcesBuildPhase;
			buildActionMask = 2147483647;
			files = (
				981344651BBDFDCE00CCF2BA /* Main.storyboard in Resources */,
				9813446A1BBDFDCE00CCF2BA /* LaunchScreen.xib in Resources */,
				981344671BBDFDCE00CCF2BA /* Images.xcassets in Resources */,
			);
			runOnlyForDeploymentPostprocessing = 0;
		};
		9813446D1BBDFDCE00CCF2BA /* Resources */ = {
			isa = PBXResourcesBuildPhase;
			buildActionMask = 2147483647;
			files = (
			);
			runOnlyForDeploymentPostprocessing = 0;
		};
/* End PBXResourcesBuildPhase section */

/* Begin PBXSourcesBuildPhase section */
		981344561BBDFDCE00CCF2BA /* Sources */ = {
			isa = PBXSourcesBuildPhase;
			buildActionMask = 2147483647;
			files = (
				981344801BBDFF0000CCF2BA /* TaskTableViewController.swift in Sources */,
				981344821BBE054500CCF2BA /* NewTaskViewController.swift in Sources */,
				981344601BBDFDCE00CCF2BA /* AppDelegate.swift in Sources */,
			);
			runOnlyForDeploymentPostprocessing = 0;
		};
		9813446B1BBDFDCE00CCF2BA /* Sources */ = {
			isa = PBXSourcesBuildPhase;
			buildActionMask = 2147483647;
			files = (
				981344761BBDFDCE00CCF2BA /* GritThingsDoneTests.swift in Sources */,
			);
			runOnlyForDeploymentPostprocessing = 0;
		};
/* End PBXSourcesBuildPhase section */

/* Begin PBXTargetDependency section */
		981344711BBDFDCE00CCF2BA /* PBXTargetDependency */ = {
			isa = PBXTargetDependency;
			target = 981344591BBDFDCE00CCF2BA /* GritThingsDone */;
			targetProxy = 981344701BBDFDCE00CCF2BA /* PBXContainerItemProxy */;
		};
/* End PBXTargetDependency section */

/* Begin PBXVariantGroup section */
		981344631BBDFDCE00CCF2BA /* Main.storyboard */ = {
			isa = PBXVariantGroup;
			children = (
				981344641BBDFDCE00CCF2BA /* Base */,
			);
			name = Main.storyboard;
			sourceTree = "<group>";
		};
		981344681BBDFDCE00CCF2BA /* LaunchScreen.xib */ = {
			isa = PBXVariantGroup;
			children = (
				981344691BBDFDCE00CCF2BA /* Base */,
			);
			name = LaunchScreen.xib;
			sourceTree = "<group>";
		};
/* End PBXVariantGroup section */

/* Begin XCBuildConfiguration section */
		981344771BBDFDCE00CCF2BA /* Debug */ = {
			isa = XCBuildConfiguration;
			buildSettings = {
				ALWAYS_SEARCH_USER_PATHS = NO;
				CLANG_CXX_LANGUAGE_STANDARD = "gnu++0x";
				CLANG_CXX_LIBRARY = "libc++";
				CLANG_ENABLE_MODULES = YES;
				CLANG_ENABLE_OBJC_ARC = YES;
				CLANG_WARN_BOOL_CONVERSION = YES;
				CLANG_WARN_CONSTANT_CONVERSION = YES;
				CLANG_WARN_DIRECT_OBJC_ISA_USAGE = YES_ERROR;
				CLANG_WARN_EMPTY_BODY = YES;
				CLANG_WARN_ENUM_CONVERSION = YES;
				CLANG_WARN_INT_CONVERSION = YES;
				CLANG_WARN_OBJC_ROOT_CLASS = YES_ERROR;
				CLANG_WARN_UNREACHABLE_CODE = YES;
				CLANG_WARN__DUPLICATE_METHOD_MATCH = YES;
				"CODE_SIGN_IDENTITY[sdk=iphoneos*]" = "iPhone Developer";
				COPY_PHASE_STRIP = NO;
				DEBUG_INFORMATION_FORMAT = "dwarf-with-dsym";
				ENABLE_STRICT_OBJC_MSGSEND = YES;
				GCC_C_LANGUAGE_STANDARD = gnu99;
				GCC_DYNAMIC_NO_PIC = NO;
				GCC_NO_COMMON_BLOCKS = YES;
				GCC_OPTIMIZATION_LEVEL = 0;
				GCC_PREPROCESSOR_DEFINITIONS = (
					"DEBUG=1",
					"$(inherited)",
				);
				GCC_SYMBOLS_PRIVATE_EXTERN = NO;
				GCC_WARN_64_TO_32_BIT_CONVERSION = YES;
				GCC_WARN_ABOUT_RETURN_TYPE = YES_ERROR;
				GCC_WARN_UNDECLARED_SELECTOR = YES;
				GCC_WARN_UNINITIALIZED_AUTOS = YES_AGGRESSIVE;
				GCC_WARN_UNUSED_FUNCTION = YES;
				GCC_WARN_UNUSED_VARIABLE = YES;
				IPHONEOS_DEPLOYMENT_TARGET = 8.3;
				MTL_ENABLE_DEBUG_INFO = YES;
				ONLY_ACTIVE_ARCH = YES;
				SDKROOT = iphoneos;
				SWIFT_OPTIMIZATION_LEVEL = "-Onone";
				TARGETED_DEVICE_FAMILY = "1,2";
			};
			name = Debug;
		};
		981344781BBDFDCE00CCF2BA /* Release */ = {
			isa = XCBuildConfiguration;
			buildSettings = {
				ALWAYS_SEARCH_USER_PATHS = NO;
				CLANG_CXX_LANGUAGE_STANDARD = "gnu++0x";
				CLANG_CXX_LIBRARY = "libc++";
				CLANG_ENABLE_MODULES = YES;
				CLANG_ENABLE_OBJC_ARC = YES;
				CLANG_WARN_BOOL_CONVERSION = YES;
				CLANG_WARN_CONSTANT_CONVERSION = YES;
				CLANG_WARN_DIRECT_OBJC_ISA_USAGE = YES_ERROR;
				CLANG_WARN_EMPTY_BODY = YES;
				CLANG_WARN_ENUM_CONVERSION = YES;
				CLANG_WARN_INT_CONVERSION = YES;
				CLANG_WARN_OBJC_ROOT_CLASS = YES_ERROR;
				CLANG_WARN_UNREACHABLE_CODE = YES;
				CLANG_WARN__DUPLICATE_METHOD_MATCH = YES;
				"CODE_SIGN_IDENTITY[sdk=iphoneos*]" = "iPhone Developer";
				COPY_PHASE_STRIP = NO;
				DEBUG_INFORMATION_FORMAT = "dwarf-with-dsym";
				ENABLE_NS_ASSERTIONS = NO;
				ENABLE_STRICT_OBJC_MSGSEND = YES;
				GCC_C_LANGUAGE_STANDARD = gnu99;
				GCC_NO_COMMON_BLOCKS = YES;
				GCC_WARN_64_TO_32_BIT_CONVERSION = YES;
				GCC_WARN_ABOUT_RETURN_TYPE = YES_ERROR;
				GCC_WARN_UNDECLARED_SELECTOR = YES;
				GCC_WARN_UNINITIALIZED_AUTOS = YES_AGGRESSIVE;
				GCC_WARN_UNUSED_FUNCTION = YES;
				GCC_WARN_UNUSED_VARIABLE = YES;
				IPHONEOS_DEPLOYMENT_TARGET = 8.3;
				MTL_ENABLE_DEBUG_INFO = NO;
				SDKROOT = iphoneos;
				TARGETED_DEVICE_FAMILY = "1,2";
				VALIDATE_PRODUCT = YES;
			};
			name = Release;
		};
		9813447A1BBDFDCE00CCF2BA /* Debug */ = {
			isa = XCBuildConfiguration;
			buildSettings = {
				ASSETCATALOG_COMPILER_APPICON_NAME = AppIcon;
				INFOPLIST_FILE = GritThingsDone/Info.plist;
				LD_RUNPATH_SEARCH_PATHS = "$(inherited) @executable_path/Frameworks";
				PRODUCT_NAME = "$(TARGET_NAME)";
			};
			name = Debug;
		};
		9813447B1BBDFDCE00CCF2BA /* Release */ = {
			isa = XCBuildConfiguration;
			buildSettings = {
				ASSETCATALOG_COMPILER_APPICON_NAME = AppIcon;
				INFOPLIST_FILE = GritThingsDone/Info.plist;
				LD_RUNPATH_SEARCH_PATHS = "$(inherited) @executable_path/Frameworks";
				PRODUCT_NAME = "$(TARGET_NAME)";
			};
			name = Release;
		};
		9813447D1BBDFDCE00CCF2BA /* Debug */ = {
			isa = XCBuildConfiguration;
			buildSettings = {
				BUNDLE_LOADER = "$(TEST_HOST)";
				FRAMEWORK_SEARCH_PATHS = (
					"$(SDKROOT)/Developer/Library/Frameworks",
					"$(inherited)",
				);
				GCC_PREPROCESSOR_DEFINITIONS = (
					"DEBUG=1",
					"$(inherited)",
				);
				INFOPLIST_FILE = GritThingsDoneTests/Info.plist;
				LD_RUNPATH_SEARCH_PATHS = "$(inherited) @executable_path/Frameworks @loader_path/Frameworks";
				PRODUCT_NAME = "$(TARGET_NAME)";
				TEST_HOST = "$(BUILT_PRODUCTS_DIR)/GritThingsDone.app/GritThingsDone";
			};
			name = Debug;
		};
		9813447E1BBDFDCE00CCF2BA /* Release */ = {
			isa = XCBuildConfiguration;
			buildSettings = {
				BUNDLE_LOADER = "$(TEST_HOST)";
				FRAMEWORK_SEARCH_PATHS = (
					"$(SDKROOT)/Developer/Library/Frameworks",
					"$(inherited)",
				);
				INFOPLIST_FILE = GritThingsDoneTests/Info.plist;
				LD_RUNPATH_SEARCH_PATHS = "$(inherited) @executable_path/Frameworks @loader_path/Frameworks";
				PRODUCT_NAME = "$(TARGET_NAME)";
				TEST_HOST = "$(BUILT_PRODUCTS_DIR)/GritThingsDone.app/GritThingsDone";
			};
			name = Release;
		};
/* End XCBuildConfiguration section */

/* Begin XCConfigurationList section */
		981344551BBDFDCE00CCF2BA /* Build configuration list for PBXProject "GritThingsDone" */ = {
			isa = XCConfigurationList;
			buildConfigurations = (
				981344771BBDFDCE00CCF2BA /* Debug */,
				981344781BBDFDCE00CCF2BA /* Release */,
			);
			defaultConfigurationIsVisible = 0;
			defaultConfigurationName = Release;
		};
		981344791BBDFDCE00CCF2BA /* Build configuration list for PBXNativeTarget "GritThingsDone" */ = {
			isa = XCConfigurationList;
			buildConfigurations = (
				9813447A1BBDFDCE00CCF2BA /* Debug */,
				9813447B1BBDFDCE00CCF2BA /* Release */,
			);
			defaultConfigurationIsVisible = 0;
		};
		9813447C1BBDFDCE00CCF2BA /* Build configuration list for PBXNativeTarget "GritThingsDoneTests" */ = {
			isa = XCConfigurationList;
			buildConfigurations = (
				9813447D1BBDFDCE00CCF2BA /* Debug */,
				9813447E1BBDFDCE00CCF2BA /* Release */,
			);
			defaultConfigurationIsVisible = 0;
		};
/* End XCConfigurationList section */
	};
	rootObject = 981344521BBDFDCE00CCF2BA /* Project object */;
}
